{
  "name": "react-project",
  "version": "1.0.0",
  "lockfileVersion": 1,
  "dependencies": {
    "headroom.js": {
      "version": "0.9.4",
      "resolved": "http://registry.npm.taobao.org/headroom.js/download/headroom.js-0.9.4.tgz",
      "integrity": "sha1-DE5rRWO7ad9Vrs3vq6MidWby31o="
    }
  }
}
